
Microsoft Visual Studio Solution File, Format Version 12.00
# Visual Studio 15
VisualStudioVersion = 15.0.28307.329
MinimumVisualStudioVersion = 10.0.40219.1
Project("{FAE04EC0-301F-11D3-BF4B-00C04F79EFBC}") = "ControlBancario", "ControlBancario\ControlBancario.csproj", "{78F612D2-D163-48FE-B113-002DAA0F9A92}"
EndProject
Project("{FAE04EC0-301F-11D3-BF4B-00C04F79EFBC}") = "ControlBancario.Tests", "ControlBancario.Tests\ControlBancario.Tests.csproj", "{6CBBBB35-02D0-4722-8308-C51C5C13709B}"
EndProject
Project("{FAE04EC0-301F-11D3-BF4B-00C04F79EFBC}") = "BLL", "BLL\BLL.csproj", "{CFAAB979-06FA-49AE-89E9-6230B80B87BE}"
EndProject
Project("{FAE04EC0-301F-11D3-BF4B-00C04F79EFBC}") = "DAL", "DAL\DAL.csproj", "{70E4B6BD-9882-42C7-8BB9-E4E061424546}"
EndProject
Project("{FAE04EC0-301F-11D3-BF4B-00C04F79EFBC}") = "Entities", "Entities\Entities.csproj", "{7F01DD8F-7F96-404B-BEC4-EDA385015733}"
EndProject
Global
	GlobalSection(SolutionConfigurationPlatforms) = preSolution
		Debug|Any CPU = Debug|Any CPU
		Release|Any CPU = Release|Any CPU
	EndGlobalSection
	GlobalSection(ProjectConfigurationPlatforms) = postSolution
		{78F612D2-D163-48FE-B113-002DAA0F9A92}.Debug|Any CPU.ActiveCfg = Debug|Any CPU
		{78F612D2-D163-48FE-B113-002DAA0F9A92}.Debug|Any CPU.Build.0 = Debug|Any CPU
		{78F612D2-D163-48FE-B113-002DAA0F9A92}.Release|Any CPU.ActiveCfg = Release|Any CPU
		{78F612D2-D163-48FE-B113-002DAA0F9A92}.Release|Any CPU.Build.0 = Release|Any CPU
		{6CBBBB35-02D0-4722-8308-C51C5C13709B}.Debug|Any CPU.ActiveCfg = Debug|Any CPU
		{6CBBBB35-02D0-4722-8308-C51C5C13709B}.Debug|Any CPU.Build.0 = Debug|Any CPU
		{6CBBBB35-02D0-4722-8308-C51C5C13709B}.Release|Any CPU.ActiveCfg = Release|Any CPU
		{6CBBBB35-02D0-4722-8308-C51C5C13709B}.Release|Any CPU.Build.0 = Release|Any CPU
		{CFAAB979-06FA-49AE-89E9-6230B80B87BE}.Debug|Any CPU.ActiveCfg = Debug|Any CPU
		{CFAAB979-06FA-49AE-89E9-6230B80B87BE}.Debug|Any CPU.Build.0 = Debug|Any CPU
		{CFAAB979-06FA-49AE-89E9-6230B80B87BE}.Release|Any CPU.ActiveCfg = Release|Any CPU
		{CFAAB979-06FA-49AE-89E9-6230B80B87BE}.Release|Any CPU.Build.0 = Release|Any CPU
		{70E4B6BD-9882-42C7-8BB9-E4E061424546}.Debug|Any CPU.ActiveCfg = Debug|Any CPU
		{70E4B6BD-9882-42C7-8BB9-E4E061424546}.Debug|Any CPU.Build.0 = Debug|Any CPU
		{70E4B6BD-9882-42C7-8BB9-E4E061424546}.Release|Any CPU.ActiveCfg = Release|Any CPU
		{70E4B6BD-9882-42C7-8BB9-E4E061424546}.Release|Any CPU.Build.0 = Release|Any CPU
		{7F01DD8F-7F96-404B-BEC4-EDA385015733}.Debug|Any CPU.ActiveCfg = Debug|Any CPU
		{7F01DD8F-7F96-404B-BEC4-EDA385015733}.Debug|Any CPU.Build.0 = Debug|Any CPU
		{7F01DD8F-7F96-404B-BEC4-EDA385015733}.Release|Any CPU.ActiveCfg = Release|Any CPU
		{7F01DD8F-7F96-404B-BEC4-EDA385015733}.Release|Any CPU.Build.0 = Release|Any CPU
	EndGlobalSection
	GlobalSection(SolutionProperties) = preSolution
		HideSolutionNode = FALSE
	EndGlobalSection
	GlobalSection(ExtensibilityGlobals) = postSolution
		SolutionGuid = {371CC716-EADB-49C6-AEAF-B7B566E9E378}
	EndGlobalSection
EndGlobal
